// !$*UTF8*$!
{
	archiveVersion = 1;
	classes = {
	};
	objectVersion = 51;
	objects = {

/* Begin PBXBuildFile section */
		C20602C7263311C3002DCD09 /* MainViewModel.swift in Sources */ = {isa = PBXBuildFile; fileRef = C20602C6263311C3002DCD09 /* MainViewModel.swift */; };
		C20602CA26331535002DCD09 /* AlamofierManager.swift in Sources */ = {isa = PBXBuildFile; fileRef = C20602C926331535002DCD09 /* AlamofierManager.swift */; };
		C20602CD26331F4A002DCD09 /* LocalDataViewModel.swift in Sources */ = {isa = PBXBuildFile; fileRef = C20602CC26331F4A002DCD09 /* LocalDataViewModel.swift */; };
		C20602D62635272E002DCD09 /* SQLiteDB.swift in Sources */ = {isa = PBXBuildFile; fileRef = C20602D52635272E002DCD09 /* SQLiteDB.swift */; };
		C20602D92635288E002DCD09 /* DbManager.swift in Sources */ = {isa = PBXBuildFile; fileRef = C20602D82635288E002DCD09 /* DbManager.swift */; };
		C20C4ED395DAD8B5156D7C18 /* Pods_Brainstorm.framework in Frameworks */ = {isa = PBXBuildFile; fileRef = 212FB3083AA3C71D3B55BCCC /* Pods_Brainstorm.framework */; };
		C23B1A05263097DE0009376C /* AppDelegate.swift in Sources */ = {isa = PBXBuildFile; fileRef = C23B1A04263097DE0009376C /* AppDelegate.swift */; };
		C23B1A07263097DE0009376C /* SceneDelegate.swift in Sources */ = {isa = PBXBuildFile; fileRef = C23B1A06263097DE0009376C /* SceneDelegate.swift */; };
		C23B1A09263097DE0009376C /* MainViewController.swift in Sources */ = {isa = PBXBuildFile; fileRef = C23B1A08263097DE0009376C /* MainViewController.swift */; };
		C23B1A0C263097DE0009376C /* Main.storyboard in Resources */ = {isa = PBXBuildFile; fileRef = C23B1A0A263097DE0009376C /* Main.storyboard */; };
		C23B1A0E263097E90009376C /* Assets.xcassets in Resources */ = {isa = PBXBuildFile; fileRef = C23B1A0D263097E90009376C /* Assets.xcassets */; };
		C23B1A11263097E90009376C /* LaunchScreen.storyboard in Resources */ = {isa = PBXBuildFile; fileRef = C23B1A0F263097E90009376C /* LaunchScreen.storyboard */; };
		C23B1A1B263099DB0009376C /* UsersTableViewCell.swift in Sources */ = {isa = PBXBuildFile; fileRef = C23B1A19263099DB0009376C /* UsersTableViewCell.swift */; };
		C23B1A1C263099DB0009376C /* UsersTableViewCell.xib in Resources */ = {isa = PBXBuildFile; fileRef = C23B1A1A263099DB0009376C /* UsersTableViewCell.xib */; };
		C23B1A2326314F0C0009376C /* RandomMuserModel.swift in Sources */ = {isa = PBXBuildFile; fileRef = C23B1A2226314F0C0009376C /* RandomMuserModel.swift */; };
		C23B1A262631503B0009376C /* ApiService.swift in Sources */ = {isa = PBXBuildFile; fileRef = C23B1A252631503B0009376C /* ApiService.swift */; };
		C23B1A2E263189660009376C /* DetailsViewController.swift in Sources */ = {isa = PBXBuildFile; fileRef = C23B1A2D263189660009376C /* DetailsViewController.swift */; };
		C2A27A8D2631BD2D00BAA74D /* GradientButton.swift in Sources */ = {isa = PBXBuildFile; fileRef = C2A27A8C2631BD2D00BAA74D /* GradientButton.swift */; };
		C2A27A922632A46D00BAA74D /* SaveUserSQLiteModel.swift in Sources */ = {isa = PBXBuildFile; fileRef = C2A27A912632A46D00BAA74D /* SaveUserSQLiteModel.swift */; };
/* End PBXBuildFile section */

/* Begin PBXFileReference section */
		212FB3083AA3C71D3B55BCCC /* Pods_Brainstorm.framework */ = {isa = PBXFileReference; explicitFileType = wrapper.framework; includeInIndex = 0; path = Pods_Brainstorm.framework; sourceTree = BUILT_PRODUCTS_DIR; };
		A7CEEE7A04BD9C0ECCBAA901 /* Pods-Brainstorm.release.xcconfig */ = {isa = PBXFileReference; includeInIndex = 1; lastKnownFileType = text.xcconfig; name = "Pods-Brainstorm.release.xcconfig"; path = "Target Support Files/Pods-Brainstorm/Pods-Brainstorm.release.xcconfig"; sourceTree = "<group>"; };
		C20602C6263311C3002DCD09 /* MainViewModel.swift */ = {isa = PBXFileReference; lastKnownFileType = sourcecode.swift; path = MainViewModel.swift; sourceTree = "<group>"; };
		C20602C926331535002DCD09 /* AlamofierManager.swift */ = {isa = PBXFileReference; lastKnownFileType = sourcecode.swift; path = AlamofierManager.swift; sourceTree = "<group>"; };
		C20602CC26331F4A002DCD09 /* LocalDataViewModel.swift */ = {isa = PBXFileReference; lastKnownFileType = sourcecode.swift; path = LocalDataViewModel.swift; sourceTree = "<group>"; };
		C20602D52635272E002DCD09 /* SQLiteDB.swift */ = {isa = PBXFileReference; lastKnownFileType = sourcecode.swift; path = SQLiteDB.swift; sourceTree = "<group>"; };
		C20602D82635288E002DCD09 /* DbManager.swift */ = {isa = PBXFileReference; lastKnownFileType = sourcecode.swift; path = DbManager.swift; sourceTree = "<group>"; };
		C23B1A01263097DE0009376C /* Brainstorm.app */ = {isa = PBXFileReference; explicitFileType = wrapper.application; includeInIndex = 0; path = Brainstorm.app; sourceTree = BUILT_PRODUCTS_DIR; };
		C23B1A04263097DE0009376C /* AppDelegate.swift */ = {isa = PBXFileReference; lastKnownFileType = sourcecode.swift; path = AppDelegate.swift; sourceTree = "<group>"; };
		C23B1A06263097DE0009376C /* SceneDelegate.swift */ = {isa = PBXFileReference; lastKnownFileType = sourcecode.swift; path = SceneDelegate.swift; sourceTree = "<group>"; };
		C23B1A08263097DE0009376C /* MainViewController.swift */ = {isa = PBXFileReference; lastKnownFileType = sourcecode.swift; path = MainViewController.swift; sourceTree = "<group>"; };
		C23B1A0B263097DE0009376C /* Base */ = {isa = PBXFileReference; lastKnownFileType = file.storyboard; name = Base; path = Base.lproj/Main.storyboard; sourceTree = "<group>"; };
		C23B1A0D263097E90009376C /* Assets.xcassets */ = {isa = PBXFileReference; lastKnownFileType = folder.assetcatalog; path = Assets.xcassets; sourceTree = "<group>"; };
		C23B1A10263097E90009376C /* Base */ = {isa = PBXFileReference; lastKnownFileType = file.storyboard; name = Base; path = Base.lproj/LaunchScreen.storyboard; sourceTree = "<group>"; };
		C23B1A12263097E90009376C /* Info.plist */ = {isa = PBXFileReference; lastKnownFileType = text.plist.xml; path = Info.plist; sourceTree = "<group>"; };
		C23B1A19263099DB0009376C /* UsersTableViewCell.swift */ = {isa = PBXFileReference; lastKnownFileType = sourcecode.swift; path = UsersTableViewCell.swift; sourceTree = "<group>"; };
		C23B1A1A263099DB0009376C /* UsersTableViewCell.xib */ = {isa = PBXFileReference; lastKnownFileType = file.xib; path = UsersTableViewCell.xib; sourceTree = "<group>"; };
		C23B1A2226314F0C0009376C /* RandomMuserModel.swift */ = {isa = PBXFileReference; lastKnownFileType = sourcecode.swift; path = RandomMuserModel.swift; sourceTree = "<group>"; };
		C23B1A252631503B0009376C /* ApiService.swift */ = {isa = PBXFileReference; lastKnownFileType = sourcecode.swift; path = ApiService.swift; sourceTree = "<group>"; };
		C23B1A2D263189660009376C /* DetailsViewController.swift */ = {isa = PBXFileReference; lastKnownFileType = sourcecode.swift; path = DetailsViewController.swift; sourceTree = "<group>"; };
		C2A27A8C2631BD2D00BAA74D /* GradientButton.swift */ = {isa = PBXFileReference; lastKnownFileType = sourcecode.swift; path = GradientButton.swift; sourceTree = "<group>"; };
		C2A27A912632A46D00BAA74D /* SaveUserSQLiteModel.swift */ = {isa = PBXFileReference; lastKnownFileType = sourcecode.swift; path = SaveUserSQLiteModel.swift; sourceTree = "<group>"; };
		CE4CF34380911546464EC644 /* Pods-Brainstorm.debug.xcconfig */ = {isa = PBXFileReference; includeInIndex = 1; lastKnownFileType = text.xcconfig; name = "Pods-Brainstorm.debug.xcconfig"; path = "Target Support Files/Pods-Brainstorm/Pods-Brainstorm.debug.xcconfig"; sourceTree = "<group>"; };
/* End PBXFileReference section */

/* Begin PBXFrameworksBuildPhase section */
		C23B19FE263097DD0009376C /* Frameworks */ = {
			isa = PBXFrameworksBuildPhase;
			buildActionMask = 2147483647;
			files = (
				C20C4ED395DAD8B5156D7C18 /* Pods_Brainstorm.framework in Frameworks */,
			);
			runOnlyForDeploymentPostprocessing = 0;
		};
/* End PBXFrameworksBuildPhase section */

/* Begin PBXGroup section */
		C20602CF26343D75002DCD09 /* Main */ = {
			isa = PBXGroup;
			children = (
				C23B1A08263097DE0009376C /* MainViewController.swift */,
				C20602C6263311C3002DCD09 /* MainViewModel.swift */,
			);
			path = Main;
			sourceTree = "<group>";
		};
		C20602D026343D93002DCD09 /* Models */ = {
			isa = PBXGroup;
			children = (
				C20602D82635288E002DCD09 /* DbManager.swift */,
				C2A27A912632A46D00BAA74D /* SaveUserSQLiteModel.swift */,
				C20602D52635272E002DCD09 /* SQLiteDB.swift */,
				C23B1A2226314F0C0009376C /* RandomMuserModel.swift */,
				C23B1A252631503B0009376C /* ApiService.swift */,
				C20602C926331535002DCD09 /* AlamofierManager.swift */,
			);
			path = Models;
			sourceTree = "<group>";
		};
		C20602D126343DA1002DCD09 /* View */ = {
			isa = PBXGroup;
			children = (
				C23B1A1A263099DB0009376C /* UsersTableViewCell.xib */,
				C2A27A8C2631BD2D00BAA74D /* GradientButton.swift */,
				C23B1A19263099DB0009376C /* UsersTableViewCell.swift */,
			);
			path = View;
			sourceTree = "<group>";
		};
		C23B19F8263097DD0009376C = {
			isa = PBXGroup;
			children = (
				C23B1A03263097DE0009376C /* Brainstorm */,
				C23B1A02263097DE0009376C /* Products */,
				C89D73092A3CCB912B8207D3 /* Pods */,
				E3034E35A7FCC4E7939C562B /* Frameworks */,
			);
			sourceTree = "<group>";
		};
		C23B1A02263097DE0009376C /* Products */ = {
			isa = PBXGroup;
			children = (
				C23B1A01263097DE0009376C /* Brainstorm.app */,
			);
			name = Products;
			sourceTree = "<group>";
		};
		C23B1A03263097DE0009376C /* Brainstorm */ = {
			isa = PBXGroup;
			children = (
				C23B1A04263097DE0009376C /* AppDelegate.swift */,
				C23B1A06263097DE0009376C /* SceneDelegate.swift */,
				C20602CF26343D75002DCD09 /* Main */,
				C20602CC26331F4A002DCD09 /* LocalDataViewModel.swift */,
				C23B1A2D263189660009376C /* DetailsViewController.swift */,
				C20602D026343D93002DCD09 /* Models */,
				C20602D126343DA1002DCD09 /* View */,
				C23B1A0A263097DE0009376C /* Main.storyboard */,
				C23B1A0D263097E90009376C /* Assets.xcassets */,
				C23B1A0F263097E90009376C /* LaunchScreen.storyboard */,
				C23B1A12263097E90009376C /* Info.plist */,
			);
			path = Brainstorm;
			sourceTree = "<group>";
		};
		C89D73092A3CCB912B8207D3 /* Pods */ = {
			isa = PBXGroup;
			children = (
				CE4CF34380911546464EC644 /* Pods-Brainstorm.debug.xcconfig */,
				A7CEEE7A04BD9C0ECCBAA901 /* Pods-Brainstorm.release.xcconfig */,
			);
			path = Pods;
			sourceTree = "<group>";
		};
		E3034E35A7FCC4E7939C562B /* Frameworks */ = {
			isa = PBXGroup;
			children = (
				212FB3083AA3C71D3B55BCCC /* Pods_Brainstorm.framework */,
			);
			name = Frameworks;
			sourceTree = "<group>";
		};
/* End PBXGroup section */

/* Begin PBXNativeTarget section */
		C23B1A00263097DD0009376C /* Brainstorm */ = {
			isa = PBXNativeTarget;
			buildConfigurationList = C23B1A15263097E90009376C /* Build configuration list for PBXNativeTarget "Brainstorm" */;
			buildPhases = (
				1C8C6993883BFABCCD47669E /* [CP] Check Pods Manifest.lock */,
				C23B19FD263097DD0009376C /* Sources */,
				C23B19FE263097DD0009376C /* Frameworks */,
				C23B19FF263097DD0009376C /* Resources */,
				2AE20F4ABA7D0D29CD7E8DDC /* [CP] Embed Pods Frameworks */,
			);
			buildRules = (
			);
			dependencies = (
			);
			name = Brainstorm;
			productName = Brainstorm;
			productReference = C23B1A01263097DE0009376C /* Brainstorm.app */;
			productType = "com.apple.product-type.application";
		};
/* End PBXNativeTarget section */

/* Begin PBXProject section */
		C23B19F9263097DD0009376C /* Project object */ = {
			isa = PBXProject;
			attributes = {
				LastSwiftUpdateCheck = 1240;
				LastUpgradeCheck = 1240;
				TargetAttributes = {
					C23B1A00263097DD0009376C = {
						CreatedOnToolsVersion = 12.4;
					};
				};
			};
			buildConfigurationList = C23B19FC263097DD0009376C /* Build configuration list for PBXProject "Brainstorm" */;
			compatibilityVersion = "Xcode 9.3";
			developmentRegion = en;
			hasScannedForEncodings = 0;
			knownRegions = (
				en,
				Base,
			);
			mainGroup = C23B19F8263097DD0009376C;
			productRefGroup = C23B1A02263097DE0009376C /* Products */;
			projectDirPath = "";
			projectRoot = "";
			targets = (
				C23B1A00263097DD0009376C /* Brainstorm */,
			);
		};
/* End PBXProject section */

/* Begin PBXResourcesBuildPhase section */
		C23B19FF263097DD0009376C /* Resources */ = {
			isa = PBXResourcesBuildPhase;
			buildActionMask = 2147483647;
			files = (
				C23B1A1C263099DB0009376C /* UsersTableViewCell.xib in Resources */,
				C23B1A11263097E90009376C /* LaunchScreen.storyboard in Resources */,
				C23B1A0E263097E90009376C /* Assets.xcassets in Resources */,
				C23B1A0C263097DE0009376C /* Main.storyboard in Resources */,
			);
			runOnlyForDeploymentPostprocessing = 0;
		};
/* End PBXResourcesBuildPhase section */

/* Begin PBXShellScriptBuildPhase section */
		1C8C6993883BFABCCD47669E /* [CP] Check Pods Manifest.lock */ = {
			isa = PBXShellScriptBuildPhase;
			buildActionMask = 2147483647;
			files = (
			);
			inputFileListPaths = (
			);
			inputPaths = (
				"${PODS_PODFILE_DIR_PATH}/Podfile.lock",
				"${PODS_ROOT}/Manifest.lock",
			);
			name = "[CP] Check Pods Manifest.lock";
			outputFileListPaths = (
			);
			outputPaths = (
				"$(DERIVED_FILE_DIR)/Pods-Brainstorm-checkManifestLockResult.txt",
			);
			runOnlyForDeploymentPostprocessing = 0;
			shellPath = /bin/sh;
			shellScript = "diff \"${PODS_PODFILE_DIR_PATH}/Podfile.lock\" \"${PODS_ROOT}/Manifest.lock\" > /dev/null\nif [ $? != 0 ] ; then\n    # print error to STDERR\n    echo \"error: The sandbox is not in sync with the Podfile.lock. Run 'pod install' or update your CocoaPods installation.\" >&2\n    exit 1\nfi\n# This output is used by Xcode 'outputs' to avoid re-running this script phase.\necho \"SUCCESS\" > \"${SCRIPT_OUTPUT_FILE_0}\"\n";
			showEnvVarsInLog = 0;
		};
		2AE20F4ABA7D0D29CD7E8DDC /* [CP] Embed Pods Frameworks */ = {
			isa = PBXShellScriptBuildPhase;
			buildActionMask = 2147483647;
			files = (
			);
			inputFileListPaths = (
				"${PODS_ROOT}/Target Support Files/Pods-Brainstorm/Pods-Brainstorm-frameworks-${CONFIGURATION}-input-files.xcfilelist",
			);
			name = "[CP] Embed Pods Frameworks";
			outputFileListPaths = (
				"${PODS_ROOT}/Target Support Files/Pods-Brainstorm/Pods-Brainstorm-frameworks-${CONFIGURATION}-output-files.xcfilelist",
			);
			runOnlyForDeploymentPostprocessing = 0;
			shellPath = /bin/sh;
			shellScript = "\"${PODS_ROOT}/Target Support Files/Pods-Brainstorm/Pods-Brainstorm-frameworks.sh\"\n";
			showEnvVarsInLog = 0;
		};
/* End PBXShellScriptBuildPhase section */

/* Begin PBXSourcesBuildPhase section */
		C23B19FD263097DD0009376C /* Sources */ = {
			isa = PBXSourcesBuildPhase;
			buildActionMask = 2147483647;
			files = (
				C2A27A922632A46D00BAA74D /* SaveUserSQLiteModel.swift in Sources */,
				C23B1A1B263099DB0009376C /* UsersTableViewCell.swift in Sources */,
				C2A27A8D2631BD2D00BAA74D /* GradientButton.swift in Sources */,
				C20602D92635288E002DCD09 /* DbManager.swift in Sources */,
				C23B1A09263097DE0009376C /* MainViewController.swift in Sources */,
				C20602CD26331F4A002DCD09 /* LocalDataViewModel.swift in Sources */,
				C23B1A262631503B0009376C /* ApiService.swift in Sources */,
				C20602C7263311C3002DCD09 /* MainViewModel.swift in Sources */,
				C23B1A05263097DE0009376C /* AppDelegate.swift in Sources */,
				C20602D62635272E002DCD09 /* SQLiteDB.swift in Sources */,
				C20602CA26331535002DCD09 /* AlamofierManager.swift in Sources */,
				C23B1A2E263189660009376C /* DetailsViewController.swift in Sources */,
				C23B1A2326314F0C0009376C /* RandomMuserModel.swift in Sources */,
				C23B1A07263097DE0009376C /* SceneDelegate.swift in Sources */,
			);
			runOnlyForDeploymentPostprocessing = 0;
		};
/* End PBXSourcesBuildPhase section */

/* Begin PBXVariantGroup section */
		C23B1A0A263097DE0009376C /* Main.storyboard */ = {
			isa = PBXVariantGroup;
			children = (
				C23B1A0B263097DE0009376C /* Base */,
			);
			name = Main.storyboard;
			sourceTree = "<group>";
		};
		C23B1A0F263097E90009376C /* LaunchScreen.storyboard */ = {
			isa = PBXVariantGroup;
			children = (
				C23B1A10263097E90009376C /* Base */,
			);
			name = LaunchScreen.storyboard;
			sourceTree = "<group>";
		};
/* End PBXVariantGroup section */

/* Begin XCBuildConfiguration section */
		C23B1A13263097E90009376C /* Debug */ = {
			isa = XCBuildConfiguration;
			buildSettings = {
				ALWAYS_SEARCH_USER_PATHS = NO;
				CLANG_ANALYZER_NONNULL = YES;
				CLANG_ANALYZER_NUMBER_OBJECT_CONVERSION = YES_AGGRESSIVE;
				CLANG_CXX_LANGUAGE_STANDARD = "gnu++14";
				CLANG_CXX_LIBRARY = "libc++";
				CLANG_ENABLE_MODULES = YES;
				CLANG_ENABLE_OBJC_ARC = YES;
				CLANG_ENABLE_OBJC_WEAK = YES;
				CLANG_WARN_BLOCK_CAPTURE_AUTORELEASING = YES;
				CLANG_WARN_BOOL_CONVERSION = YES;
				CLANG_WARN_COMMA = YES;
				CLANG_WARN_CONSTANT_CONVERSION = YES;
				CLANG_WARN_DEPRECATED_OBJC_IMPLEMENTATIONS = YES;
				CLANG_WARN_DIRECT_OBJC_ISA_USAGE = YES_ERROR;
				CLANG_WARN_DOCUMENTATION_COMMENTS = YES;
				CLANG_WARN_EMPTY_BODY = YES;
				CLANG_WARN_ENUM_CONVERSION = YES;
				CLANG_WARN_INFINITE_RECURSION = YES;
				CLANG_WARN_INT_CONVERSION = YES;
				CLANG_WARN_NON_LITERAL_NULL_CONVERSION = YES;
				CLANG_WARN_OBJC_IMPLICIT_RETAIN_SELF = YES;
				CLANG_WARN_OBJC_LITERAL_CONVERSION = YES;
				CLANG_WARN_OBJC_ROOT_CLASS = YES_ERROR;
				CLANG_WARN_QUOTED_INCLUDE_IN_FRAMEWORK_HEADER = YES;
				CLANG_WARN_RANGE_LOOP_ANALYSIS = YES;
				CLANG_WARN_STRICT_PROTOTYPES = YES;
				CLANG_WARN_SUSPICIOUS_MOVE = YES;
				CLANG_WARN_UNGUARDED_AVAILABILITY = YES_AGGRESSIVE;
				CLANG_WARN_UNREACHABLE_CODE = YES;
				CLANG_WARN__DUPLICATE_METHOD_MATCH = YES;
				COPY_PHASE_STRIP = NO;
				DEBUG_INFORMATION_FORMAT = dwarf;
				ENABLE_STRICT_OBJC_MSGSEND = YES;
				ENABLE_TESTABILITY = YES;
				GCC_C_LANGUAGE_STANDARD = gnu11;
				GCC_DYNAMIC_NO_PIC = NO;
				GCC_NO_COMMON_BLOCKS = YES;
				GCC_OPTIMIZATION_LEVEL = 0;
				GCC_PREPROCESSOR_DEFINITIONS = (
					"DEBUG=1",
					"$(inherited)",
				);
				GCC_WARN_64_TO_32_BIT_CONVERSION = YES;
				GCC_WARN_ABOUT_RETURN_TYPE = YES_ERROR;
				GCC_WARN_UNDECLARED_SELECTOR = YES;
				GCC_WARN_UNINITIALIZED_AUTOS = YES_AGGRESSIVE;
				GCC_WARN_UNUSED_FUNCTION = YES;
				GCC_WARN_UNUSED_VARIABLE = YES;
				IPHONEOS_DEPLOYMENT_TARGET = 14.4;
				MTL_ENABLE_DEBUG_INFO = INCLUDE_SOURCE;
				"MTL_ENABLE_DEBUG_INFO[arch=*]" = NO;
				MTL_FAST_MATH = YES;
				ONLY_ACTIVE_ARCH = YES;
				SDKROOT = iphoneos;
				SWIFT_ACTIVE_COMPILATION_CONDITIONS = DEBUG;
				SWIFT_OPTIMIZATION_LEVEL = "-Onone";
			};
			name = Debug;
		};
		C23B1A14263097E90009376C /* Release */ = {
			isa = XCBuildConfiguration;
			buildSettings = {
				ALWAYS_SEARCH_USER_PATHS = NO;
				CLANG_ANALYZER_NONNULL = YES;
				CLANG_ANALYZER_NUMBER_OBJECT_CONVERSION = YES_AGGRESSIVE;
				CLANG_CXX_LANGUAGE_STANDARD = "gnu++14";
				CLANG_CXX_LIBRARY = "libc++";
				CLANG_ENABLE_MODULES = YES;
				CLANG_ENABLE_OBJC_ARC = YES;
				CLANG_ENABLE_OBJC_WEAK = YES;
				CLANG_WARN_BLOCK_CAPTURE_AUTORELEASING = YES;
				CLANG_WARN_BOOL_CONVERSION = YES;
				CLANG_WARN_COMMA = YES;
				CLANG_WARN_CONSTANT_CONVERSION = YES;
				CLANG_WARN_DEPRECATED_OBJC_IMPLEMENTATIONS = YES;
				CLANG_WARN_DIRECT_OBJC_ISA_USAGE = YES_ERROR;
				CLANG_WARN_DOCUMENTATION_COMMENTS = YES;
				CLANG_WARN_EMPTY_BODY = YES;
				CLANG_WARN_ENUM_CONVERSION = YES;
				CLANG_WARN_INFINITE_RECURSION = YES;
				CLANG_WARN_INT_CONVERSION = YES;
				CLANG_WARN_NON_LITERAL_NULL_CONVERSION = YES;
				CLANG_WARN_OBJC_IMPLICIT_RETAIN_SELF = YES;
				CLANG_WARN_OBJC_LITERAL_CONVERSION = YES;
				CLANG_WARN_OBJC_ROOT_CLASS = YES_ERROR;
				CLANG_WARN_QUOTED_INCLUDE_IN_FRAMEWORK_HEADER = YES;
				CLANG_WARN_RANGE_LOOP_ANALYSIS = YES;
				CLANG_WARN_STRICT_PROTOTYPES = YES;
				CLANG_WARN_SUSPICIOUS_MOVE = YES;
				CLANG_WARN_UNGUARDED_AVAILABILITY = YES_AGGRESSIVE;
				CLANG_WARN_UNREACHABLE_CODE = YES;
				CLANG_WARN__DUPLICATE_METHOD_MATCH = YES;
				COPY_PHASE_STRIP = NO;
				DEBUG_INFORMATION_FORMAT = "dwarf-with-dsym";
				ENABLE_NS_ASSERTIONS = NO;
				ENABLE_STRICT_OBJC_MSGSEND = YES;
				GCC_C_LANGUAGE_STANDARD = gnu11;
				GCC_NO_COMMON_BLOCKS = YES;
				GCC_WARN_64_TO_32_BIT_CONVERSION = YES;
				GCC_WARN_ABOUT_RETURN_TYPE = YES_ERROR;
				GCC_WARN_UNDECLARED_SELECTOR = YES;
				GCC_WARN_UNINITIALIZED_AUTOS = YES_AGGRESSIVE;
				GCC_WARN_UNUSED_FUNCTION = YES;
				GCC_WARN_UNUSED_VARIABLE = YES;
				IPHONEOS_DEPLOYMENT_TARGET = 14.4;
				MTL_ENABLE_DEBUG_INFO = NO;
				MTL_FAST_MATH = YES;
				SDKROOT = iphoneos;
				SWIFT_COMPILATION_MODE = wholemodule;
				SWIFT_OPTIMIZATION_LEVEL = "-O";
				VALIDATE_PRODUCT = YES;
			};
			name = Release;
		};
		C23B1A16263097E90009376C /* Debug */ = {
			isa = XCBuildConfiguration;
			baseConfigurationReference = CE4CF34380911546464EC644 /* Pods-Brainstorm.debug.xcconfig */;
			buildSettings = {
				ASSETCATALOG_COMPILER_APPICON_NAME = AppIcon;
				ASSETCATALOG_COMPILER_GLOBAL_ACCENT_COLOR_NAME = AccentColor;
				CODE_SIGN_STYLE = Automatic;
				DEVELOPMENT_TEAM = 98AQQ5VSAS;
				INFOPLIST_FILE = Brainstorm/Info.plist;
				LD_RUNPATH_SEARCH_PATHS = (
					"$(inherited)",
					"@executable_path/Frameworks",
				);
				"MTL_ENABLE_DEBUG_INFO[arch=*]" = NO;
				PRODUCT_BUNDLE_IDENTIFIER = am.BrainstormTechnologies.Brainstorm;
				PRODUCT_NAME = "$(TARGET_NAME)";
				SWIFT_VERSION = 5.0;
				TARGETED_DEVICE_FAMILY = "1,2";
			};
			name = Debug;
		};
		C23B1A17263097E90009376C /* Release */ = {
			isa = XCBuildConfiguration;
			baseConfigurationReference = A7CEEE7A04BD9C0ECCBAA901 /* Pods-Brainstorm.release.xcconfig */;
			buildSettings = {
				ASSETCATALOG_COMPILER_APPICON_NAME = AppIcon;
				ASSETCATALOG_COMPILER_GLOBAL_ACCENT_COLOR_NAME = AccentColor;
				CODE_SIGN_STYLE = Automatic;
				DEVELOPMENT_TEAM = 98AQQ5VSAS;
				INFOPLIST_FILE = Brainstorm/Info.plist;
				LD_RUNPATH_SEARCH_PATHS = (
					"$(inherited)",
					"@executable_path/Frameworks",
				);
				"MTL_ENABLE_DEBUG_INFO[arch=*]" = NO;
				PRODUCT_BUNDLE_IDENTIFIER = am.BrainstormTechnologies.Brainstorm;
				PRODUCT_NAME = "$(TARGET_NAME)";
				SWIFT_VERSION = 5.0;
				TARGETED_DEVICE_FAMILY = "1,2";
			};
			name = Release;
		};
/* End XCBuildConfiguration section */

/* Begin XCConfigurationList section */
		C23B19FC263097DD0009376C /* Build configuration list for PBXProject "Brainstorm" */ = {
			isa = XCConfigurationList;
			buildConfigurations = (
				C23B1A13263097E90009376C /* Debug */,
				C23B1A14263097E90009376C /* Release */,
			);
			defaultConfigurationIsVisible = 0;
			defaultConfigurationName = Release;
		};
		C23B1A15263097E90009376C /* Build configuration list for PBXNativeTarget "Brainstorm" */ = {
			isa = XCConfigurationList;
			buildConfigurations = (
				C23B1A16263097E90009376C /* Debug */,
				C23B1A17263097E90009376C /* Release */,
			);
			defaultConfigurationIsVisible = 0;
			defaultConfigurationName = Release;
		};
/* End XCConfigurationList section */
	};
	rootObject = C23B19F9263097DD0009376C /* Project object */;
}
